{
    "_meta": {
        "hash": {
            "sha256": "f180fc792706dea7f5ce5e644cb1aea96b3f5cb7dbd0b09477cfb1c35a042de8"
        },
        "pipfile-spec": 6,
        "requires": {
            "python_version": "3.11"
        },
        "sources": [
            {
                "name": "cem",
                "url": "https://cem.com/cembir",
                "verify_ssl": true
            }
        ]
    },
    "default": {},
    "develop": {}
}
